// !$*UTF8*$!
{
	archiveVersion = 1;
	classes = {
	};
	objectVersion = 56;
	objects = {

/* Begin PBXBuildFile section */
		D462AABB2C58748C00602121 /* AppDelegate.swift in Sources */ = {isa = PBXBuildFile; fileRef = D462AABA2C58748C00602121 /* AppDelegate.swift */; };
		D462AABD2C58748C00602121 /* SceneDelegate.swift in Sources */ = {isa = PBXBuildFile; fileRef = D462AABC2C58748C00602121 /* SceneDelegate.swift */; };
		D462AABF2C58748C00602121 /* ViewController.swift in Sources */ = {isa = PBXBuildFile; fileRef = D462AABE2C58748C00602121 /* ViewController.swift */; };
		D462AAC42C58748E00602121 /* Assets.xcassets in Resources */ = {isa = PBXBuildFile; fileRef = D462AAC32C58748E00602121 /* Assets.xcassets */; };
		D462AAC72C58748E00602121 /* Base in Resources */ = {isa = PBXBuildFile; fileRef = D462AAC62C58748E00602121 /* Base */; };
		D462AAD02C5875A900602121 /* RxCocoa in Frameworks */ = {isa = PBXBuildFile; productRef = D462AACF2C5875A900602121 /* RxCocoa */; };
		D462AAD22C5875A900602121 /* RxSwift in Frameworks */ = {isa = PBXBuildFile; productRef = D462AAD12C5875A900602121 /* RxSwift */; };
		D462AAD62C587AF600602121 /* SnapKit in Frameworks */ = {isa = PBXBuildFile; productRef = D462AAD52C587AF600602121 /* SnapKit */; };
		D462AAD82C58ACA100602121 /* BasicButtonViewController.swift in Sources */ = {isa = PBXBuildFile; fileRef = D462AAD72C58ACA100602121 /* BasicButtonViewController.swift */; };
		D462AADA2C58C06E00602121 /* OperatorViewController.swift in Sources */ = {isa = PBXBuildFile; fileRef = D462AAD92C58C06E00602121 /* OperatorViewController.swift */; };
		D462AADD2C5917FE00602121 /* PickerViewController.swift in Sources */ = {isa = PBXBuildFile; fileRef = D462AADC2C5917FE00602121 /* PickerViewController.swift */; };
		D462AAE02C59326B00602121 /* TabBar.swift in Sources */ = {isa = PBXBuildFile; fileRef = D462AADF2C59326B00602121 /* TabBar.swift */; };
		D462AAE22C59356100602121 /* TableViewViewController.swift in Sources */ = {isa = PBXBuildFile; fileRef = D462AAE12C59356100602121 /* TableViewViewController.swift */; };
		D462AAE62C593CED00602121 /* TextFieldViewController.swift in Sources */ = {isa = PBXBuildFile; fileRef = D462AAE52C593CED00602121 /* TextFieldViewController.swift */; };
/* End PBXBuildFile section */

/* Begin PBXFileReference section */
		D462AAB72C58748C00602121 /* RxStudy.app */ = {isa = PBXFileReference; explicitFileType = wrapper.application; includeInIndex = 0; path = RxStudy.app; sourceTree = BUILT_PRODUCTS_DIR; };
		D462AABA2C58748C00602121 /* AppDelegate.swift */ = {isa = PBXFileReference; lastKnownFileType = sourcecode.swift; path = AppDelegate.swift; sourceTree = "<group>"; };
		D462AABC2C58748C00602121 /* SceneDelegate.swift */ = {isa = PBXFileReference; lastKnownFileType = sourcecode.swift; path = SceneDelegate.swift; sourceTree = "<group>"; };
		D462AABE2C58748C00602121 /* ViewController.swift */ = {isa = PBXFileReference; lastKnownFileType = sourcecode.swift; path = ViewController.swift; sourceTree = "<group>"; };
		D462AAC32C58748E00602121 /* Assets.xcassets */ = {isa = PBXFileReference; lastKnownFileType = folder.assetcatalog; path = Assets.xcassets; sourceTree = "<group>"; };
		D462AAC62C58748E00602121 /* Base */ = {isa = PBXFileReference; lastKnownFileType = file.storyboard; name = Base; path = Base.lproj/LaunchScreen.storyboard; sourceTree = "<group>"; };
		D462AAC82C58748E00602121 /* Info.plist */ = {isa = PBXFileReference; lastKnownFileType = text.plist.xml; path = Info.plist; sourceTree = "<group>"; };
		D462AAD72C58ACA100602121 /* BasicButtonViewController.swift */ = {isa = PBXFileReference; lastKnownFileType = sourcecode.swift; path = BasicButtonViewController.swift; sourceTree = "<group>"; };
		D462AAD92C58C06E00602121 /* OperatorViewController.swift */ = {isa = PBXFileReference; lastKnownFileType = sourcecode.swift; path = OperatorViewController.swift; sourceTree = "<group>"; };
		D462AADC2C5917FE00602121 /* PickerViewController.swift */ = {isa = PBXFileReference; lastKnownFileType = sourcecode.swift; path = PickerViewController.swift; sourceTree = "<group>"; };
		D462AADF2C59326B00602121 /* TabBar.swift */ = {isa = PBXFileReference; lastKnownFileType = sourcecode.swift; path = TabBar.swift; sourceTree = "<group>"; };
		D462AAE12C59356100602121 /* TableViewViewController.swift */ = {isa = PBXFileReference; lastKnownFileType = sourcecode.swift; path = TableViewViewController.swift; sourceTree = "<group>"; };
		D462AAE52C593CED00602121 /* TextFieldViewController.swift */ = {isa = PBXFileReference; lastKnownFileType = sourcecode.swift; path = TextFieldViewController.swift; sourceTree = "<group>"; };
/* End PBXFileReference section */

/* Begin PBXFrameworksBuildPhase section */
		D462AAB42C58748C00602121 /* Frameworks */ = {
			isa = PBXFrameworksBuildPhase;
			buildActionMask = 2147483647;
			files = (
				D462AAD62C587AF600602121 /* SnapKit in Frameworks */,
				D462AAD22C5875A900602121 /* RxSwift in Frameworks */,
				D462AAD02C5875A900602121 /* RxCocoa in Frameworks */,
			);
			runOnlyForDeploymentPostprocessing = 0;
		};
/* End PBXFrameworksBuildPhase section */

/* Begin PBXGroup section */
		D462AAAE2C58748C00602121 = {
			isa = PBXGroup;
			children = (
				D462AAB92C58748C00602121 /* RxStudy */,
				D462AAB82C58748C00602121 /* Products */,
			);
			sourceTree = "<group>";
		};
		D462AAB82C58748C00602121 /* Products */ = {
			isa = PBXGroup;
			children = (
				D462AAB72C58748C00602121 /* RxStudy.app */,
			);
			name = Products;
			sourceTree = "<group>";
		};
		D462AAB92C58748C00602121 /* RxStudy */ = {
			isa = PBXGroup;
			children = (
				D462AABA2C58748C00602121 /* AppDelegate.swift */,
				D462AABC2C58748C00602121 /* SceneDelegate.swift */,
				D462AABE2C58748C00602121 /* ViewController.swift */,
				D462AAD92C58C06E00602121 /* OperatorViewController.swift */,
				D462AAD72C58ACA100602121 /* BasicButtonViewController.swift */,
				D462AADF2C59326B00602121 /* TabBar.swift */,
				D462AADB2C5917D000602121 /* Exercise */,
				D462AAC32C58748E00602121 /* Assets.xcassets */,
				D462AAC52C58748E00602121 /* LaunchScreen.storyboard */,
				D462AAC82C58748E00602121 /* Info.plist */,
			);
			path = RxStudy;
			sourceTree = "<group>";
		};
		D462AADB2C5917D000602121 /* Exercise */ = {
			isa = PBXGroup;
			children = (
				D462AADC2C5917FE00602121 /* PickerViewController.swift */,
				D462AAE12C59356100602121 /* TableViewViewController.swift */,
				D462AAE52C593CED00602121 /* TextFieldViewController.swift */,
			);
			path = Exercise;
			sourceTree = "<group>";
		};
/* End PBXGroup section */

/* Begin PBXNativeTarget section */
		D462AAB62C58748C00602121 /* RxStudy */ = {
			isa = PBXNativeTarget;
			buildConfigurationList = D462AACB2C58748E00602121 /* Build configuration list for PBXNativeTarget "RxStudy" */;
			buildPhases = (
				D462AAB32C58748C00602121 /* Sources */,
				D462AAB42C58748C00602121 /* Frameworks */,
				D462AAB52C58748C00602121 /* Resources */,
			);
			buildRules = (
			);
			dependencies = (
			);
			name = RxStudy;
			packageProductDependencies = (
				D462AACF2C5875A900602121 /* RxCocoa */,
				D462AAD12C5875A900602121 /* RxSwift */,
				D462AAD52C587AF600602121 /* SnapKit */,
			);
			productName = RxStudy;
			productReference = D462AAB72C58748C00602121 /* RxStudy.app */;
			productType = "com.apple.product-type.application";
		};
/* End PBXNativeTarget section */

/* Begin PBXProject section */
		D462AAAF2C58748C00602121 /* Project object */ = {
			isa = PBXProject;
			attributes = {
				BuildIndependentTargetsInParallel = 1;
				LastSwiftUpdateCheck = 1540;
				LastUpgradeCheck = 1540;
				TargetAttributes = {
					D462AAB62C58748C00602121 = {
						CreatedOnToolsVersion = 15.4;
					};
				};
			};
			buildConfigurationList = D462AAB22C58748C00602121 /* Build configuration list for PBXProject "RxStudy" */;
			compatibilityVersion = "Xcode 14.0";
			developmentRegion = en;
			hasScannedForEncodings = 0;
			knownRegions = (
				en,
				Base,
			);
			mainGroup = D462AAAE2C58748C00602121;
			packageReferences = (
				D462AACE2C5875A900602121 /* XCRemoteSwiftPackageReference "RxSwift" */,
				D462AAD42C587AF600602121 /* XCRemoteSwiftPackageReference "SnapKit" */,
			);
			productRefGroup = D462AAB82C58748C00602121 /* Products */;
			projectDirPath = "";
			projectRoot = "";
			targets = (
				D462AAB62C58748C00602121 /* RxStudy */,
			);
		};
/* End PBXProject section */

/* Begin PBXResourcesBuildPhase section */
		D462AAB52C58748C00602121 /* Resources */ = {
			isa = PBXResourcesBuildPhase;
			buildActionMask = 2147483647;
			files = (
				D462AAC42C58748E00602121 /* Assets.xcassets in Resources */,
				D462AAC72C58748E00602121 /* Base in Resources */,
			);
			runOnlyForDeploymentPostprocessing = 0;
		};
/* End PBXResourcesBuildPhase section */

/* Begin PBXSourcesBuildPhase section */
		D462AAB32C58748C00602121 /* Sources */ = {
			isa = PBXSourcesBuildPhase;
			buildActionMask = 2147483647;
			files = (
				D462AAE62C593CED00602121 /* TextFieldViewController.swift in Sources */,
				D462AADD2C5917FE00602121 /* PickerViewController.swift in Sources */,
				D462AADA2C58C06E00602121 /* OperatorViewController.swift in Sources */,
				D462AAE22C59356100602121 /* TableViewViewController.swift in Sources */,
				D462AABF2C58748C00602121 /* ViewController.swift in Sources */,
				D462AABB2C58748C00602121 /* AppDelegate.swift in Sources */,
				D462AABD2C58748C00602121 /* SceneDelegate.swift in Sources */,
				D462AAD82C58ACA100602121 /* BasicButtonViewController.swift in Sources */,
				D462AAE02C59326B00602121 /* TabBar.swift in Sources */,
			);
			runOnlyForDeploymentPostprocessing = 0;
		};
/* End PBXSourcesBuildPhase section */

/* Begin PBXVariantGroup section */
		D462AAC52C58748E00602121 /* LaunchScreen.storyboard */ = {
			isa = PBXVariantGroup;
			children = (
				D462AAC62C58748E00602121 /* Base */,
			);
			name = LaunchScreen.storyboard;
			sourceTree = "<group>";
		};
/* End PBXVariantGroup section */

/* Begin XCBuildConfiguration section */
		D462AAC92C58748E00602121 /* Debug */ = {
			isa = XCBuildConfiguration;
			buildSettings = {
				ALWAYS_SEARCH_USER_PATHS = NO;
				ASSETCATALOG_COMPILER_GENERATE_SWIFT_ASSET_SYMBOL_EXTENSIONS = YES;
				CLANG_ANALYZER_NONNULL = YES;
				CLANG_ANALYZER_NUMBER_OBJECT_CONVERSION = YES_AGGRESSIVE;
				CLANG_CXX_LANGUAGE_STANDARD = "gnu++20";
				CLANG_ENABLE_MODULES = YES;
				CLANG_ENABLE_OBJC_ARC = YES;
				CLANG_ENABLE_OBJC_WEAK = YES;
				CLANG_WARN_BLOCK_CAPTURE_AUTORELEASING = YES;
				CLANG_WARN_BOOL_CONVERSION = YES;
				CLANG_WARN_COMMA = YES;
				CLANG_WARN_CONSTANT_CONVERSION = YES;
				CLANG_WARN_DEPRECATED_OBJC_IMPLEMENTATIONS = YES;
				CLANG_WARN_DIRECT_OBJC_ISA_USAGE = YES_ERROR;
				CLANG_WARN_DOCUMENTATION_COMMENTS = YES;
				CLANG_WARN_EMPTY_BODY = YES;
				CLANG_WARN_ENUM_CONVERSION = YES;
				CLANG_WARN_INFINITE_RECURSION = YES;
				CLANG_WARN_INT_CONVERSION = YES;
				CLANG_WARN_NON_LITERAL_NULL_CONVERSION = YES;
				CLANG_WARN_OBJC_IMPLICIT_RETAIN_SELF = YES;
				CLANG_WARN_OBJC_LITERAL_CONVERSION = YES;
				CLANG_WARN_OBJC_ROOT_CLASS = YES_ERROR;
				CLANG_WARN_QUOTED_INCLUDE_IN_FRAMEWORK_HEADER = YES;
				CLANG_WARN_RANGE_LOOP_ANALYSIS = YES;
				CLANG_WARN_STRICT_PROTOTYPES = YES;
				CLANG_WARN_SUSPICIOUS_MOVE = YES;
				CLANG_WARN_UNGUARDED_AVAILABILITY = YES_AGGRESSIVE;
				CLANG_WARN_UNREACHABLE_CODE = YES;
				CLANG_WARN__DUPLICATE_METHOD_MATCH = YES;
				COPY_PHASE_STRIP = NO;
				DEBUG_INFORMATION_FORMAT = dwarf;
				ENABLE_STRICT_OBJC_MSGSEND = YES;
				ENABLE_TESTABILITY = YES;
				ENABLE_USER_SCRIPT_SANDBOXING = YES;
				GCC_C_LANGUAGE_STANDARD = gnu17;
				GCC_DYNAMIC_NO_PIC = NO;
				GCC_NO_COMMON_BLOCKS = YES;
				GCC_OPTIMIZATION_LEVEL = 0;
				GCC_PREPROCESSOR_DEFINITIONS = (
					"DEBUG=1",
					"$(inherited)",
				);
				GCC_WARN_64_TO_32_BIT_CONVERSION = YES;
				GCC_WARN_ABOUT_RETURN_TYPE = YES_ERROR;
				GCC_WARN_UNDECLARED_SELECTOR = YES;
				GCC_WARN_UNINITIALIZED_AUTOS = YES_AGGRESSIVE;
				GCC_WARN_UNUSED_FUNCTION = YES;
				GCC_WARN_UNUSED_VARIABLE = YES;
				IPHONEOS_DEPLOYMENT_TARGET = 17.5;
				LOCALIZATION_PREFERS_STRING_CATALOGS = YES;
				MTL_ENABLE_DEBUG_INFO = INCLUDE_SOURCE;
				MTL_FAST_MATH = YES;
				ONLY_ACTIVE_ARCH = YES;
				SDKROOT = iphoneos;
				SWIFT_ACTIVE_COMPILATION_CONDITIONS = "DEBUG $(inherited)";
				SWIFT_OPTIMIZATION_LEVEL = "-Onone";
			};
			name = Debug;
		};
		D462AACA2C58748E00602121 /* Release */ = {
			isa = XCBuildConfiguration;
			buildSettings = {
				ALWAYS_SEARCH_USER_PATHS = NO;
				ASSETCATALOG_COMPILER_GENERATE_SWIFT_ASSET_SYMBOL_EXTENSIONS = YES;
				CLANG_ANALYZER_NONNULL = YES;
				CLANG_ANALYZER_NUMBER_OBJECT_CONVERSION = YES_AGGRESSIVE;
				CLANG_CXX_LANGUAGE_STANDARD = "gnu++20";
				CLANG_ENABLE_MODULES = YES;
				CLANG_ENABLE_OBJC_ARC = YES;
				CLANG_ENABLE_OBJC_WEAK = YES;
				CLANG_WARN_BLOCK_CAPTURE_AUTORELEASING = YES;
				CLANG_WARN_BOOL_CONVERSION = YES;
				CLANG_WARN_COMMA = YES;
				CLANG_WARN_CONSTANT_CONVERSION = YES;
				CLANG_WARN_DEPRECATED_OBJC_IMPLEMENTATIONS = YES;
				CLANG_WARN_DIRECT_OBJC_ISA_USAGE = YES_ERROR;
				CLANG_WARN_DOCUMENTATION_COMMENTS = YES;
				CLANG_WARN_EMPTY_BODY = YES;
				CLANG_WARN_ENUM_CONVERSION = YES;
				CLANG_WARN_INFINITE_RECURSION = YES;
				CLANG_WARN_INT_CONVERSION = YES;
				CLANG_WARN_NON_LITERAL_NULL_CONVERSION = YES;
				CLANG_WARN_OBJC_IMPLICIT_RETAIN_SELF = YES;
				CLANG_WARN_OBJC_LITERAL_CONVERSION = YES;
				CLANG_WARN_OBJC_ROOT_CLASS = YES_ERROR;
				CLANG_WARN_QUOTED_INCLUDE_IN_FRAMEWORK_HEADER = YES;
				CLANG_WARN_RANGE_LOOP_ANALYSIS = YES;
				CLANG_WARN_STRICT_PROTOTYPES = YES;
				CLANG_WARN_SUSPICIOUS_MOVE = YES;
				CLANG_WARN_UNGUARDED_AVAILABILITY = YES_AGGRESSIVE;
				CLANG_WARN_UNREACHABLE_CODE = YES;
				CLANG_WARN__DUPLICATE_METHOD_MATCH = YES;
				COPY_PHASE_STRIP = NO;
				DEBUG_INFORMATION_FORMAT = "dwarf-with-dsym";
				ENABLE_NS_ASSERTIONS = NO;
				ENABLE_STRICT_OBJC_MSGSEND = YES;
				ENABLE_USER_SCRIPT_SANDBOXING = YES;
				GCC_C_LANGUAGE_STANDARD = gnu17;
				GCC_NO_COMMON_BLOCKS = YES;
				GCC_WARN_64_TO_32_BIT_CONVERSION = YES;
				GCC_WARN_ABOUT_RETURN_TYPE = YES_ERROR;
				GCC_WARN_UNDECLARED_SELECTOR = YES;
				GCC_WARN_UNINITIALIZED_AUTOS = YES_AGGRESSIVE;
				GCC_WARN_UNUSED_FUNCTION = YES;
				GCC_WARN_UNUSED_VARIABLE = YES;
				IPHONEOS_DEPLOYMENT_TARGET = 17.5;
				LOCALIZATION_PREFERS_STRING_CATALOGS = YES;
				MTL_ENABLE_DEBUG_INFO = NO;
				MTL_FAST_MATH = YES;
				SDKROOT = iphoneos;
				SWIFT_COMPILATION_MODE = wholemodule;
				VALIDATE_PRODUCT = YES;
			};
			name = Release;
		};
		D462AACC2C58748E00602121 /* Debug */ = {
			isa = XCBuildConfiguration;
			buildSettings = {
				ASSETCATALOG_COMPILER_APPICON_NAME = AppIcon;
				ASSETCATALOG_COMPILER_GLOBAL_ACCENT_COLOR_NAME = AccentColor;
				CODE_SIGN_STYLE = Automatic;
				CURRENT_PROJECT_VERSION = 1;
				DEVELOPMENT_TEAM = NWL6WKXWCJ;
				GENERATE_INFOPLIST_FILE = YES;
				INFOPLIST_FILE = RxStudy/Info.plist;
				INFOPLIST_KEY_UIApplicationSupportsIndirectInputEvents = YES;
				INFOPLIST_KEY_UILaunchStoryboardName = LaunchScreen;
				INFOPLIST_KEY_UISupportedInterfaceOrientations = UIInterfaceOrientationPortrait;
				INFOPLIST_KEY_UISupportedInterfaceOrientations_iPad = "UIInterfaceOrientationLandscapeLeft UIInterfaceOrientationLandscapeRight UIInterfaceOrientationPortrait UIInterfaceOrientationPortraitUpsideDown";
				IPHONEOS_DEPLOYMENT_TARGET = 15.0;
				LD_RUNPATH_SEARCH_PATHS = (
					"$(inherited)",
					"@executable_path/Frameworks",
				);
				MARKETING_VERSION = 1.0;
				PRODUCT_BUNDLE_IDENTIFIER = com.Ray.RxStudy;
				PRODUCT_NAME = "$(TARGET_NAME)";
				SUPPORTED_PLATFORMS = "iphoneos iphonesimulator";
				SUPPORTS_MACCATALYST = NO;
				SUPPORTS_MAC_DESIGNED_FOR_IPHONE_IPAD = NO;
				SUPPORTS_XR_DESIGNED_FOR_IPHONE_IPAD = NO;
				SWIFT_EMIT_LOC_STRINGS = YES;
				SWIFT_VERSION = 5.0;
				TARGETED_DEVICE_FAMILY = 1;
			};
			name = Debug;
		};
		D462AACD2C58748E00602121 /* Release */ = {
			isa = XCBuildConfiguration;
			buildSettings = {
				ASSETCATALOG_COMPILER_APPICON_NAME = AppIcon;
				ASSETCATALOG_COMPILER_GLOBAL_ACCENT_COLOR_NAME = AccentColor;
				CODE_SIGN_STYLE = Automatic;
				CURRENT_PROJECT_VERSION = 1;
				DEVELOPMENT_TEAM = NWL6WKXWCJ;
				GENERATE_INFOPLIST_FILE = YES;
				INFOPLIST_FILE = RxStudy/Info.plist;
				INFOPLIST_KEY_UIApplicationSupportsIndirectInputEvents = YES;
				INFOPLIST_KEY_UILaunchStoryboardName = LaunchScreen;
				INFOPLIST_KEY_UISupportedInterfaceOrientations = UIInterfaceOrientationPortrait;
				INFOPLIST_KEY_UISupportedInterfaceOrientations_iPad = "UIInterfaceOrientationLandscapeLeft UIInterfaceOrientationLandscapeRight UIInterfaceOrientationPortrait UIInterfaceOrientationPortraitUpsideDown";
				IPHONEOS_DEPLOYMENT_TARGET = 15.0;
				LD_RUNPATH_SEARCH_PATHS = (
					"$(inherited)",
					"@executable_path/Frameworks",
				);
				MARKETING_VERSION = 1.0;
				PRODUCT_BUNDLE_IDENTIFIER = com.Ray.RxStudy;
				PRODUCT_NAME = "$(TARGET_NAME)";
				SUPPORTED_PLATFORMS = "iphoneos iphonesimulator";
				SUPPORTS_MACCATALYST = NO;
				SUPPORTS_MAC_DESIGNED_FOR_IPHONE_IPAD = NO;
				SUPPORTS_XR_DESIGNED_FOR_IPHONE_IPAD = NO;
				SWIFT_EMIT_LOC_STRINGS = YES;
				SWIFT_VERSION = 5.0;
				TARGETED_DEVICE_FAMILY = 1;
			};
			name = Release;
		};
/* End XCBuildConfiguration section */

/* Begin XCConfigurationList section */
		D462AAB22C58748C00602121 /* Build configuration list for PBXProject "RxStudy" */ = {
			isa = XCConfigurationList;
			buildConfigurations = (
				D462AAC92C58748E00602121 /* Debug */,
				D462AACA2C58748E00602121 /* Release */,
			);
			defaultConfigurationIsVisible = 0;
			defaultConfigurationName = Release;
		};
		D462AACB2C58748E00602121 /* Build configuration list for PBXNativeTarget "RxStudy" */ = {
			isa = XCConfigurationList;
			buildConfigurations = (
				D462AACC2C58748E00602121 /* Debug */,
				D462AACD2C58748E00602121 /* Release */,
			);
			defaultConfigurationIsVisible = 0;
			defaultConfigurationName = Release;
		};
/* End XCConfigurationList section */

/* Begin XCRemoteSwiftPackageReference section */
		D462AACE2C5875A900602121 /* XCRemoteSwiftPackageReference "RxSwift" */ = {
			isa = XCRemoteSwiftPackageReference;
			repositoryURL = "https://github.com/ReactiveX/RxSwift.git";
			requirement = {
				kind = upToNextMajorVersion;
				minimumVersion = 6.7.1;
			};
		};
		D462AAD42C587AF600602121 /* XCRemoteSwiftPackageReference "SnapKit" */ = {
			isa = XCRemoteSwiftPackageReference;
			repositoryURL = "https://github.com/SnapKit/SnapKit.git";
			requirement = {
				kind = upToNextMajorVersion;
				minimumVersion = 5.7.1;
			};
		};
/* End XCRemoteSwiftPackageReference section */

/* Begin XCSwiftPackageProductDependency section */
		D462AACF2C5875A900602121 /* RxCocoa */ = {
			isa = XCSwiftPackageProductDependency;
			package = D462AACE2C5875A900602121 /* XCRemoteSwiftPackageReference "RxSwift" */;
			productName = RxCocoa;
		};
		D462AAD12C5875A900602121 /* RxSwift */ = {
			isa = XCSwiftPackageProductDependency;
			package = D462AACE2C5875A900602121 /* XCRemoteSwiftPackageReference "RxSwift" */;
			productName = RxSwift;
		};
		D462AAD52C587AF600602121 /* SnapKit */ = {
			isa = XCSwiftPackageProductDependency;
			package = D462AAD42C587AF600602121 /* XCRemoteSwiftPackageReference "SnapKit" */;
			productName = SnapKit;
		};
/* End XCSwiftPackageProductDependency section */
	};
	rootObject = D462AAAF2C58748C00602121 /* Project object */;
}
